
Microsoft Visual Studio Solution File, Format Version 12.00
# Visual Studio Version 17
VisualStudioVersion = 17.10.35013.160
MinimumVisualStudioVersion = 10.0.40219.1
Project("{9A19103F-16F7-4668-BE54-9A1E7A4F7556}") = "ReadFlow.API", "ReadFlow.API\ReadFlow.API.csproj", "{651374EB-BDFE-4EF0-87E1-A646605D5392}"
EndProject
Project("{FAE04EC0-301F-11D3-BF4B-00C04F79EFBC}") = "ReadFlow.DAL", "ReadFlow.DAL\ReadFlow.DAL.csproj", "{0A89BCF7-0A88-4835-824C-D5783F3FC2C0}"
EndProject
Project("{FAE04EC0-301F-11D3-BF4B-00C04F79EFBC}") = "ReadFlow.BLL", "ReadFlow.BLL\ReadFlow.BLL.csproj", "{D8C67BA5-3C8C-4283-B23A-F3DDCFA8EDA2}"
EndProject
Global
	GlobalSection(SolutionConfigurationPlatforms) = preSolution
		Debug|Any CPU = Debug|Any CPU
		Release|Any CPU = Release|Any CPU
	EndGlobalSection
	GlobalSection(ProjectConfigurationPlatforms) = postSolution
		{651374EB-BDFE-4EF0-87E1-A646605D5392}.Debug|Any CPU.ActiveCfg = Debug|Any CPU
		{651374EB-BDFE-4EF0-87E1-A646605D5392}.Debug|Any CPU.Build.0 = Debug|Any CPU
		{651374EB-BDFE-4EF0-87E1-A646605D5392}.Release|Any CPU.ActiveCfg = Release|Any CPU
		{651374EB-BDFE-4EF0-87E1-A646605D5392}.Release|Any CPU.Build.0 = Release|Any CPU
		{0A89BCF7-0A88-4835-824C-D5783F3FC2C0}.Debug|Any CPU.ActiveCfg = Debug|Any CPU
		{0A89BCF7-0A88-4835-824C-D5783F3FC2C0}.Debug|Any CPU.Build.0 = Debug|Any CPU
		{0A89BCF7-0A88-4835-824C-D5783F3FC2C0}.Release|Any CPU.ActiveCfg = Release|Any CPU
		{0A89BCF7-0A88-4835-824C-D5783F3FC2C0}.Release|Any CPU.Build.0 = Release|Any CPU
		{D8C67BA5-3C8C-4283-B23A-F3DDCFA8EDA2}.Debug|Any CPU.ActiveCfg = Debug|Any CPU
		{D8C67BA5-3C8C-4283-B23A-F3DDCFA8EDA2}.Debug|Any CPU.Build.0 = Debug|Any CPU
		{D8C67BA5-3C8C-4283-B23A-F3DDCFA8EDA2}.Release|Any CPU.ActiveCfg = Release|Any CPU
		{D8C67BA5-3C8C-4283-B23A-F3DDCFA8EDA2}.Release|Any CPU.Build.0 = Release|Any CPU
	EndGlobalSection
	GlobalSection(SolutionProperties) = preSolution
		HideSolutionNode = FALSE
	EndGlobalSection
	GlobalSection(ExtensibilityGlobals) = postSolution
		SolutionGuid = {F93B38A2-FD4B-4C56-96E4-A6C48457D0BB}
	EndGlobalSection
EndGlobal
